{
  "name": "cicada-admin-sys",
  "version": "1.0.0",
  "lockfileVersion": 3,
  "requires": true,
  "packages": {
    "": {
      "name": "cicada-admin-sys",
      "version": "1.0.0",
      "dependencies": {
        "cicada-admin-auth": "file:../common/cicada-admin-auth",
        "cicada-order-workflow": "file:../common/cicada-order-workflow",
        "nodemailer": "^7.0.13"
      }
    },
    "../common/cicada-admin-auth": {
      "version": "1.0.0"
    },
    "../common/cicada-order-workflow": {
      "version": "1.0.0",
      "dependencies": {
        "uni-config-center": "file:../../../../uni_modules/uni-config-center/uniCloud/cloudfunctions/common/uni-config-center",
        "uni-id-common": "file:../../../../uni_modules/uni-id-common/uniCloud/cloudfunctions/common/uni-id-common"
      }
    },
    "node_modules/cicada-admin-auth": {
      "resolved": "../common/cicada-admin-auth",
      "link": true
    },
    "node_modules/cicada-order-workflow": {
      "resolved": "../common/cicada-order-workflow",
      "link": true
    },
    "node_modules/nodemailer": {
      "version": "7.0.13",
      "resolved": "https://registry.npmjs.org/nodemailer/-/nodemailer-7.0.13.tgz",
      "integrity": "sha512-PNDFSJdP+KFgdsG3ZzMXCgquO7I6McjY2vlqILjtJd0hy8wEvtugS9xKRF2NWlPNGxvLCXlTNIae4serI7dinw==",
      "engines": {
        "node": ">=6.0.0"
      }
    }
  }
}
