{
  "name": "cicada-admin-sys",
  "version": "1.0.0",
  "lockfileVersion": 3,
  "requires": true,
  "packages": {
    "": {
      "name": "cicada-admin-sys",
      "version": "1.0.0",
      "dependencies": {
        "cicada-order-workflow": "file:../common/cicada-order-workflow"
      }
    },
    "../common/cicada-order-workflow": {
      "version": "1.0.0",
      "dependencies": {
        "uni-config-center": "file:../../../../uni_modules/uni-config-center/uniCloud/cloudfunctions/common/uni-config-center",
        "uni-id-common": "file:../../../../uni_modules/uni-id-common/uniCloud/cloudfunctions/common/uni-id-common"
      }
    },
    "node_modules/cicada-order-workflow": {
      "resolved": "../common/cicada-order-workflow",
      "link": true
    }
  }
}
